// !$*UTF8*$!
{
	archiveVersion = 1;
	classes = {
	};
	objectVersion = 46;
	objects = {

/* Begin PBXBuildFile section */
		E79B02DA1F4EB6D600D779EA /* main.m in Sources */ = {isa = PBXBuildFile; fileRef = E79B02D91F4EB6D600D779EA /* main.m */; };
		E79B02DD1F4EB6D600D779EA /* AppDelegate.m in Sources */ = {isa = PBXBuildFile; fileRef = E79B02DC1F4EB6D600D779EA /* AppDelegate.m */; };
		E79B02E01F4EB6D600D779EA /* ViewController.m in Sources */ = {isa = PBXBuildFile; fileRef = E79B02DF1F4EB6D600D779EA /* ViewController.m */; };
		E79B02E31F4EB6D600D779EA /* Main.storyboard in Resources */ = {isa = PBXBuildFile; fileRef = E79B02E11F4EB6D600D779EA /* Main.storyboard */; };
		E79B02E51F4EB6D600D779EA /* Assets.xcassets in Resources */ = {isa = PBXBuildFile; fileRef = E79B02E41F4EB6D600D779EA /* Assets.xcassets */; };
		E79B02E81F4EB6D600D779EA /* LaunchScreen.storyboard in Resources */ = {isa = PBXBuildFile; fileRef = E79B02E61F4EB6D600D779EA /* LaunchScreen.storyboard */; };
		E79B02FB1F4EB73400D779EA /* ConcreteElement1.m in Sources */ = {isa = PBXBuildFile; fileRef = E79B02F11F4EB73400D779EA /* ConcreteElement1.m */; };
		E79B02FC1F4EB73400D779EA /* ConcreteElement2.m in Sources */ = {isa = PBXBuildFile; fileRef = E79B02F31F4EB73400D779EA /* ConcreteElement2.m */; };
		E79B02FD1F4EB73400D779EA /* ConcreteVisitor.m in Sources */ = {isa = PBXBuildFile; fileRef = E79B02F51F4EB73400D779EA /* ConcreteVisitor.m */; };
		E79B02FE1F4EB73400D779EA /* ConcreteVisitor2.m in Sources */ = {isa = PBXBuildFile; fileRef = E79B02F71F4EB73400D779EA /* ConcreteVisitor2.m */; };
		E79B02FF1F4EB73400D779EA /* Element.m in Sources */ = {isa = PBXBuildFile; fileRef = E79B02F91F4EB73400D779EA /* Element.m */; };
/* End PBXBuildFile section */

/* Begin PBXFileReference section */
		E79B02D51F4EB6D600D779EA /* Visitor.app */ = {isa = PBXFileReference; explicitFileType = wrapper.application; includeInIndex = 0; path = Visitor.app; sourceTree = BUILT_PRODUCTS_DIR; };
		E79B02D91F4EB6D600D779EA /* main.m */ = {isa = PBXFileReference; lastKnownFileType = sourcecode.c.objc; path = main.m; sourceTree = "<group>"; };
		E79B02DB1F4EB6D600D779EA /* AppDelegate.h */ = {isa = PBXFileReference; lastKnownFileType = sourcecode.c.h; path = AppDelegate.h; sourceTree = "<group>"; };
		E79B02DC1F4EB6D600D779EA /* AppDelegate.m */ = {isa = PBXFileReference; lastKnownFileType = sourcecode.c.objc; path = AppDelegate.m; sourceTree = "<group>"; };
		E79B02DE1F4EB6D600D779EA /* ViewController.h */ = {isa = PBXFileReference; lastKnownFileType = sourcecode.c.h; path = ViewController.h; sourceTree = "<group>"; };
		E79B02DF1F4EB6D600D779EA /* ViewController.m */ = {isa = PBXFileReference; lastKnownFileType = sourcecode.c.objc; path = ViewController.m; sourceTree = "<group>"; };
		E79B02E21F4EB6D600D779EA /* Base */ = {isa = PBXFileReference; lastKnownFileType = file.storyboard; name = Base; path = Base.lproj/Main.storyboard; sourceTree = "<group>"; };
		E79B02E41F4EB6D600D779EA /* Assets.xcassets */ = {isa = PBXFileReference; lastKnownFileType = folder.assetcatalog; path = Assets.xcassets; sourceTree = "<group>"; };
		E79B02E71F4EB6D600D779EA /* Base */ = {isa = PBXFileReference; lastKnownFileType = file.storyboard; name = Base; path = Base.lproj/LaunchScreen.storyboard; sourceTree = "<group>"; };
		E79B02E91F4EB6D600D779EA /* Info.plist */ = {isa = PBXFileReference; lastKnownFileType = text.plist.xml; path = Info.plist; sourceTree = "<group>"; };
		E79B02F01F4EB73400D779EA /* ConcreteElement1.h */ = {isa = PBXFileReference; fileEncoding = 4; lastKnownFileType = sourcecode.c.h; path = ConcreteElement1.h; sourceTree = "<group>"; };
		E79B02F11F4EB73400D779EA /* ConcreteElement1.m */ = {isa = PBXFileReference; fileEncoding = 4; lastKnownFileType = sourcecode.c.objc; path = ConcreteElement1.m; sourceTree = "<group>"; };
		E79B02F21F4EB73400D779EA /* ConcreteElement2.h */ = {isa = PBXFileReference; fileEncoding = 4; lastKnownFileType = sourcecode.c.h; path = ConcreteElement2.h; sourceTree = "<group>"; };
		E79B02F31F4EB73400D779EA /* ConcreteElement2.m */ = {isa = PBXFileReference; fileEncoding = 4; lastKnownFileType = sourcecode.c.objc; path = ConcreteElement2.m; sourceTree = "<group>"; };
		E79B02F41F4EB73400D779EA /* ConcreteVisitor.h */ = {isa = PBXFileReference; fileEncoding = 4; lastKnownFileType = sourcecode.c.h; path = ConcreteVisitor.h; sourceTree = "<group>"; };
		E79B02F51F4EB73400D779EA /* ConcreteVisitor.m */ = {isa = PBXFileReference; fileEncoding = 4; lastKnownFileType = sourcecode.c.objc; path = ConcreteVisitor.m; sourceTree = "<group>"; };
		E79B02F61F4EB73400D779EA /* ConcreteVisitor2.h */ = {isa = PBXFileReference; fileEncoding = 4; lastKnownFileType = sourcecode.c.h; path = ConcreteVisitor2.h; sourceTree = "<group>"; };
		E79B02F71F4EB73400D779EA /* ConcreteVisitor2.m */ = {isa = PBXFileReference; fileEncoding = 4; lastKnownFileType = sourcecode.c.objc; path = ConcreteVisitor2.m; sourceTree = "<group>"; };
		E79B02F81F4EB73400D779EA /* Element.h */ = {isa = PBXFileReference; fileEncoding = 4; lastKnownFileType = sourcecode.c.h; path = Element.h; sourceTree = "<group>"; };
		E79B02F91F4EB73400D779EA /* Element.m */ = {isa = PBXFileReference; fileEncoding = 4; lastKnownFileType = sourcecode.c.objc; path = Element.m; sourceTree = "<group>"; };
		E79B02FA1F4EB73400D779EA /* Visitor.h */ = {isa = PBXFileReference; fileEncoding = 4; lastKnownFileType = sourcecode.c.h; path = Visitor.h; sourceTree = "<group>"; };
/* End PBXFileReference section */

/* Begin PBXFrameworksBuildPhase section */
		E79B02D21F4EB6D600D779EA /* Frameworks */ = {
			isa = PBXFrameworksBuildPhase;
			buildActionMask = 2147483647;
			files = (
			);
			runOnlyForDeploymentPostprocessing = 0;
		};
/* End PBXFrameworksBuildPhase section */

/* Begin PBXGroup section */
		E79B02CC1F4EB6D500D779EA = {
			isa = PBXGroup;
			children = (
				E79B02D71F4EB6D600D779EA /* Visitor */,
				E79B02D61F4EB6D600D779EA /* Products */,
			);
			sourceTree = "<group>";
		};
		E79B02D61F4EB6D600D779EA /* Products */ = {
			isa = PBXGroup;
			children = (
				E79B02D51F4EB6D600D779EA /* Visitor.app */,
			);
			name = Products;
			sourceTree = "<group>";
		};
		E79B02D71F4EB6D600D779EA /* Visitor */ = {
			isa = PBXGroup;
			children = (
				E79B02EF1F4EB72100D779EA /* Vistor */,
				E79B02DB1F4EB6D600D779EA /* AppDelegate.h */,
				E79B02DC1F4EB6D600D779EA /* AppDelegate.m */,
				E79B02DE1F4EB6D600D779EA /* ViewController.h */,
				E79B02DF1F4EB6D600D779EA /* ViewController.m */,
				E79B02E11F4EB6D600D779EA /* Main.storyboard */,
				E79B02E41F4EB6D600D779EA /* Assets.xcassets */,
				E79B02E61F4EB6D600D779EA /* LaunchScreen.storyboard */,
				E79B02E91F4EB6D600D779EA /* Info.plist */,
				E79B02D81F4EB6D600D779EA /* Supporting Files */,
			);
			path = Visitor;
			sourceTree = "<group>";
		};
		E79B02D81F4EB6D600D779EA /* Supporting Files */ = {
			isa = PBXGroup;
			children = (
				E79B02D91F4EB6D600D779EA /* main.m */,
			);
			name = "Supporting Files";
			sourceTree = "<group>";
		};
		E79B02EF1F4EB72100D779EA /* Vistor */ = {
			isa = PBXGroup;
			children = (
				E79B02F01F4EB73400D779EA /* ConcreteElement1.h */,
				E79B02F11F4EB73400D779EA /* ConcreteElement1.m */,
				E79B02F21F4EB73400D779EA /* ConcreteElement2.h */,
				E79B02F31F4EB73400D779EA /* ConcreteElement2.m */,
				E79B02F41F4EB73400D779EA /* ConcreteVisitor.h */,
				E79B02F51F4EB73400D779EA /* ConcreteVisitor.m */,
				E79B02F61F4EB73400D779EA /* ConcreteVisitor2.h */,
				E79B02F71F4EB73400D779EA /* ConcreteVisitor2.m */,
				E79B02F81F4EB73400D779EA /* Element.h */,
				E79B02F91F4EB73400D779EA /* Element.m */,
				E79B02FA1F4EB73400D779EA /* Visitor.h */,
			);
			name = Vistor;
			sourceTree = "<group>";
		};
/* End PBXGroup section */

/* Begin PBXNativeTarget section */
		E79B02D41F4EB6D600D779EA /* Visitor */ = {
			isa = PBXNativeTarget;
			buildConfigurationList = E79B02EC1F4EB6D600D779EA /* Build configuration list for PBXNativeTarget "Visitor" */;
			buildPhases = (
				E79B02D11F4EB6D600D779EA /* Sources */,
				E79B02D21F4EB6D600D779EA /* Frameworks */,
				E79B02D31F4EB6D600D779EA /* Resources */,
			);
			buildRules = (
			);
			dependencies = (
			);
			name = Visitor;
			productName = Visitor;
			productReference = E79B02D51F4EB6D600D779EA /* Visitor.app */;
			productType = "com.apple.product-type.application";
		};
/* End PBXNativeTarget section */

/* Begin PBXProject section */
		E79B02CD1F4EB6D500D779EA /* Project object */ = {
			isa = PBXProject;
			attributes = {
				LastUpgradeCheck = 0830;
				ORGANIZATIONNAME = DaFenQi;
				TargetAttributes = {
					E79B02D41F4EB6D600D779EA = {
						CreatedOnToolsVersion = 8.3.2;
						ProvisioningStyle = Automatic;
					};
				};
			};
			buildConfigurationList = E79B02D01F4EB6D500D779EA /* Build configuration list for PBXProject "Visitor" */;
			compatibilityVersion = "Xcode 3.2";
			developmentRegion = English;
			hasScannedForEncodings = 0;
			knownRegions = (
				en,
				Base,
			);
			mainGroup = E79B02CC1F4EB6D500D779EA;
			productRefGroup = E79B02D61F4EB6D600D779EA /* Products */;
			projectDirPath = "";
			projectRoot = "";
			targets = (
				E79B02D41F4EB6D600D779EA /* Visitor */,
			);
		};
/* End PBXProject section */

/* Begin PBXResourcesBuildPhase section */
		E79B02D31F4EB6D600D779EA /* Resources */ = {
			isa = PBXResourcesBuildPhase;
			buildActionMask = 2147483647;
			files = (
				E79B02E81F4EB6D600D779EA /* LaunchScreen.storyboard in Resources */,
				E79B02E51F4EB6D600D779EA /* Assets.xcassets in Resources */,
				E79B02E31F4EB6D600D779EA /* Main.storyboard in Resources */,
			);
			runOnlyForDeploymentPostprocessing = 0;
		};
/* End PBXResourcesBuildPhase section */

/* Begin PBXSourcesBuildPhase section */
		E79B02D11F4EB6D600D779EA /* Sources */ = {
			isa = PBXSourcesBuildPhase;
			buildActionMask = 2147483647;
			files = (
				E79B02E01F4EB6D600D779EA /* ViewController.m in Sources */,
				E79B02DD1F4EB6D600D779EA /* AppDelegate.m in Sources */,
				E79B02FE1F4EB73400D779EA /* ConcreteVisitor2.m in Sources */,
				E79B02DA1F4EB6D600D779EA /* main.m in Sources */,
				E79B02FD1F4EB73400D779EA /* ConcreteVisitor.m in Sources */,
				E79B02FC1F4EB73400D779EA /* ConcreteElement2.m in Sources */,
				E79B02FF1F4EB73400D779EA /* Element.m in Sources */,
				E79B02FB1F4EB73400D779EA /* ConcreteElement1.m in Sources */,
			);
			runOnlyForDeploymentPostprocessing = 0;
		};
/* End PBXSourcesBuildPhase section */

/* Begin PBXVariantGroup section */
		E79B02E11F4EB6D600D779EA /* Main.storyboard */ = {
			isa = PBXVariantGroup;
			children = (
				E79B02E21F4EB6D600D779EA /* Base */,
			);
			name = Main.storyboard;
			sourceTree = "<group>";
		};
		E79B02E61F4EB6D600D779EA /* LaunchScreen.storyboard */ = {
			isa = PBXVariantGroup;
			children = (
				E79B02E71F4EB6D600D779EA /* Base */,
			);
			name = LaunchScreen.storyboard;
			sourceTree = "<group>";
		};
/* End PBXVariantGroup section */

/* Begin XCBuildConfiguration section */
		E79B02EA1F4EB6D600D779EA /* Debug */ = {
			isa = XCBuildConfiguration;
			buildSettings = {
				ALWAYS_SEARCH_USER_PATHS = NO;
				CLANG_ANALYZER_NONNULL = YES;
				CLANG_ANALYZER_NUMBER_OBJECT_CONVERSION = YES_AGGRESSIVE;
				CLANG_CXX_LANGUAGE_STANDARD = "gnu++0x";
				CLANG_CXX_LIBRARY = "libc++";
				CLANG_ENABLE_MODULES = YES;
				CLANG_ENABLE_OBJC_ARC = YES;
				CLANG_WARN_BOOL_CONVERSION = YES;
				CLANG_WARN_CONSTANT_CONVERSION = YES;
				CLANG_WARN_DIRECT_OBJC_ISA_USAGE = YES_ERROR;
				CLANG_WARN_DOCUMENTATION_COMMENTS = YES;
				CLANG_WARN_EMPTY_BODY = YES;
				CLANG_WARN_ENUM_CONVERSION = YES;
				CLANG_WARN_INFINITE_RECURSION = YES;
				CLANG_WARN_INT_CONVERSION = YES;
				CLANG_WARN_OBJC_ROOT_CLASS = YES_ERROR;
				CLANG_WARN_SUSPICIOUS_MOVE = YES;
				CLANG_WARN_UNREACHABLE_CODE = YES;
				CLANG_WARN__DUPLICATE_METHOD_MATCH = YES;
				"CODE_SIGN_IDENTITY[sdk=iphoneos*]" = "iPhone Developer";
				COPY_PHASE_STRIP = NO;
				DEBUG_INFORMATION_FORMAT = dwarf;
				ENABLE_STRICT_OBJC_MSGSEND = YES;
				ENABLE_TESTABILITY = YES;
				GCC_C_LANGUAGE_STANDARD = gnu99;
				GCC_DYNAMIC_NO_PIC = NO;
				GCC_NO_COMMON_BLOCKS = YES;
				GCC_OPTIMIZATION_LEVEL = 0;
				GCC_PREPROCESSOR_DEFINITIONS = (
					"DEBUG=1",
					"$(inherited)",
				);
				GCC_WARN_64_TO_32_BIT_CONVERSION = YES;
				GCC_WARN_ABOUT_RETURN_TYPE = YES_ERROR;
				GCC_WARN_UNDECLARED_SELECTOR = YES;
				GCC_WARN_UNINITIALIZED_AUTOS = YES_AGGRESSIVE;
				GCC_WARN_UNUSED_FUNCTION = YES;
				GCC_WARN_UNUSED_VARIABLE = YES;
				IPHONEOS_DEPLOYMENT_TARGET = 10.3;
				MTL_ENABLE_DEBUG_INFO = YES;
				ONLY_ACTIVE_ARCH = YES;
				SDKROOT = iphoneos;
				TARGETED_DEVICE_FAMILY = "1,2";
			};
			name = Debug;
		};
		E79B02EB1F4EB6D600D779EA /* Release */ = {
			isa = XCBuildConfiguration;
			buildSettings = {
				ALWAYS_SEARCH_USER_PATHS = NO;
				CLANG_ANALYZER_NONNULL = YES;
				CLANG_ANALYZER_NUMBER_OBJECT_CONVERSION = YES_AGGRESSIVE;
				CLANG_CXX_LANGUAGE_STANDARD = "gnu++0x";
				CLANG_CXX_LIBRARY = "libc++";
				CLANG_ENABLE_MODULES = YES;
				CLANG_ENABLE_OBJC_ARC = YES;
				CLANG_WARN_BOOL_CONVERSION = YES;
				CLANG_WARN_CONSTANT_CONVERSION = YES;
				CLANG_WARN_DIRECT_OBJC_ISA_USAGE = YES_ERROR;
				CLANG_WARN_DOCUMENTATION_COMMENTS = YES;
				CLANG_WARN_EMPTY_BODY = YES;
				CLANG_WARN_ENUM_CONVERSION = YES;
				CLANG_WARN_INFINITE_RECURSION = YES;
				CLANG_WARN_INT_CONVERSION = YES;
				CLANG_WARN_OBJC_ROOT_CLASS = YES_ERROR;
				CLANG_WARN_SUSPICIOUS_MOVE = YES;
				CLANG_WARN_UNREACHABLE_CODE = YES;
				CLANG_WARN__DUPLICATE_METHOD_MATCH = YES;
				"CODE_SIGN_IDENTITY[sdk=iphoneos*]" = "iPhone Developer";
				COPY_PHASE_STRIP = NO;
				DEBUG_INFORMATION_FORMAT = "dwarf-with-dsym";
				ENABLE_NS_ASSERTIONS = NO;
				ENABLE_STRICT_OBJC_MSGSEND = YES;
				GCC_C_LANGUAGE_STANDARD = gnu99;
				GCC_NO_COMMON_BLOCKS = YES;
				GCC_WARN_64_TO_32_BIT_CONVERSION = YES;
				GCC_WARN_ABOUT_RETURN_TYPE = YES_ERROR;
				GCC_WARN_UNDECLARED_SELECTOR = YES;
				GCC_WARN_UNINITIALIZED_AUTOS = YES_AGGRESSIVE;
				GCC_WARN_UNUSED_FUNCTION = YES;
				GCC_WARN_UNUSED_VARIABLE = YES;
				IPHONEOS_DEPLOYMENT_TARGET = 10.3;
				MTL_ENABLE_DEBUG_INFO = NO;
				SDKROOT = iphoneos;
				TARGETED_DEVICE_FAMILY = "1,2";
				VALIDATE_PRODUCT = YES;
			};
			name = Release;
		};
		E79B02ED1F4EB6D600D779EA /* Debug */ = {
			isa = XCBuildConfiguration;
			buildSettings = {
				ASSETCATALOG_COMPILER_APPICON_NAME = AppIcon;
				INFOPLIST_FILE = Visitor/Info.plist;
				LD_RUNPATH_SEARCH_PATHS = "$(inherited) @executable_path/Frameworks";
				PRODUCT_BUNDLE_IDENTIFIER = DaFenQi.Visitor;
				PRODUCT_NAME = "$(TARGET_NAME)";
			};
			name = Debug;
		};
		E79B02EE1F4EB6D600D779EA /* Release */ = {
			isa = XCBuildConfiguration;
			buildSettings = {
				ASSETCATALOG_COMPILER_APPICON_NAME = AppIcon;
				INFOPLIST_FILE = Visitor/Info.plist;
				LD_RUNPATH_SEARCH_PATHS = "$(inherited) @executable_path/Frameworks";
				PRODUCT_BUNDLE_IDENTIFIER = DaFenQi.Visitor;
				PRODUCT_NAME = "$(TARGET_NAME)";
			};
			name = Release;
		};
/* End XCBuildConfiguration section */

/* Begin XCConfigurationList section */
		E79B02D01F4EB6D500D779EA /* Build configuration list for PBXProject "Visitor" */ = {
			isa = XCConfigurationList;
			buildConfigurations = (
				E79B02EA1F4EB6D600D779EA /* Debug */,
				E79B02EB1F4EB6D600D779EA /* Release */,
			);
			defaultConfigurationIsVisible = 0;
			defaultConfigurationName = Release;
		};
		E79B02EC1F4EB6D600D779EA /* Build configuration list for PBXNativeTarget "Visitor" */ = {
			isa = XCConfigurationList;
			buildConfigurations = (
				E79B02ED1F4EB6D600D779EA /* Debug */,
				E79B02EE1F4EB6D600D779EA /* Release */,
			);
			defaultConfigurationIsVisible = 0;
		};
/* End XCConfigurationList section */
	};
	rootObject = E79B02CD1F4EB6D500D779EA /* Project object */;
}
